
Microsoft Visual Studio Solution File, Format Version 12.00
# Visual Studio for Mac
Project("{FAE04EC0-301F-11D3-BF4B-00C04F79EFBC}") = "VuforiaScripts", "VuforiaScripts.csproj", "{43535A4D-9B76-D008-031D-EEA71EE740F3}"
EndProject
Project("{FAE04EC0-301F-11D3-BF4B-00C04F79EFBC}") = "Assembly-CSharp", "Assembly-CSharp.csproj", "{896E54D2-E4FA-2817-86FE-38690EB064FE}"
EndProject
Project("{FAE04EC0-301F-11D3-BF4B-00C04F79EFBC}") = "VuforiaEditorScripts", "VuforiaEditorScripts.csproj", "{0BE59358-ECC0-96F6-A341-D3ABB4B5C1C8}"
EndProject
Global
	GlobalSection(SolutionConfigurationPlatforms) = preSolution
		Debug|Any CPU = Debug|Any CPU
		Release|Any CPU = Release|Any CPU
	EndGlobalSection
	GlobalSection(ProjectConfigurationPlatforms) = postSolution
		{43535A4D-9B76-D008-031D-EEA71EE740F3}.Debug|Any CPU.ActiveCfg = Debug|Any CPU
		{43535A4D-9B76-D008-031D-EEA71EE740F3}.Debug|Any CPU.Build.0 = Debug|Any CPU
		{43535A4D-9B76-D008-031D-EEA71EE740F3}.Release|Any CPU.ActiveCfg = Release|Any CPU
		{43535A4D-9B76-D008-031D-EEA71EE740F3}.Release|Any CPU.Build.0 = Release|Any CPU
		{896E54D2-E4FA-2817-86FE-38690EB064FE}.Debug|Any CPU.ActiveCfg = Debug|Any CPU
		{896E54D2-E4FA-2817-86FE-38690EB064FE}.Debug|Any CPU.Build.0 = Debug|Any CPU
		{896E54D2-E4FA-2817-86FE-38690EB064FE}.Release|Any CPU.ActiveCfg = Release|Any CPU
		{896E54D2-E4FA-2817-86FE-38690EB064FE}.Release|Any CPU.Build.0 = Release|Any CPU
		{0BE59358-ECC0-96F6-A341-D3ABB4B5C1C8}.Debug|Any CPU.ActiveCfg = Debug|Any CPU
		{0BE59358-ECC0-96F6-A341-D3ABB4B5C1C8}.Debug|Any CPU.Build.0 = Debug|Any CPU
		{0BE59358-ECC0-96F6-A341-D3ABB4B5C1C8}.Release|Any CPU.ActiveCfg = Release|Any CPU
		{0BE59358-ECC0-96F6-A341-D3ABB4B5C1C8}.Release|Any CPU.Build.0 = Release|Any CPU
	EndGlobalSection
	GlobalSection(SolutionProperties) = preSolution
		HideSolutionNode = FALSE
	EndGlobalSection
EndGlobal
